
Microsoft Visual Studio Solution File, Format Version 12.00
# Visual Studio Version 17
VisualStudioVersion = 17.0.32014.148
MinimumVisualStudioVersion = 10.0.40219.1
Project("{8BC9CEB8-8B4A-11D0-8D11-00A0C91BC942}") = "hook_shield", "hook_shield\hook_shield.vcxproj", "{132E4058-9AB3-485E-9E05-674F5EBF8C62}"
EndProject
Global
	GlobalSection(SolutionConfigurationPlatforms) = preSolution
		Debug|x86 = Debug|x86
		Release|x86 = Release|x86
	EndGlobalSection
	GlobalSection(ProjectConfigurationPlatforms) = postSolution
		{132E4058-9AB3-485E-9E05-674F5EBF8C62}.Debug|x86.ActiveCfg = Debug|Win32
		{132E4058-9AB3-485E-9E05-674F5EBF8C62}.Debug|x86.Build.0 = Debug|Win32
		{132E4058-9AB3-485E-9E05-674F5EBF8C62}.Release|x86.ActiveCfg = Release|Win32
		{132E4058-9AB3-485E-9E05-674F5EBF8C62}.Release|x86.Build.0 = Release|Win32
	EndGlobalSection
	GlobalSection(SolutionProperties) = preSolution
		HideSolutionNode = FALSE
	EndGlobalSection
	GlobalSection(ExtensibilityGlobals) = postSolution
		SolutionGuid = {0E86672F-F5E3-40F4-A96E-C9765B87C08C}
	EndGlobalSection
EndGlobal
