
Microsoft Visual Studio Solution File, Format Version 12.00
# Visual Studio Version 17
VisualStudioVersion = 17.0.32014.148
MinimumVisualStudioVersion = 10.0.40219.1
Project("{8BC9CEB8-8B4A-11D0-8D11-00A0C91BC942}") = "hook_sounds_count", "hook_sounds_count\hook_sounds_count.vcxproj", "{41FC2109-BD7E-4286-9717-BBDC9ACC33AC}"
EndProject
Global
	GlobalSection(SolutionConfigurationPlatforms) = preSolution
		Debug|x86 = Debug|x86
		Release|x86 = Release|x86
	EndGlobalSection
	GlobalSection(ProjectConfigurationPlatforms) = postSolution
		{41FC2109-BD7E-4286-9717-BBDC9ACC33AC}.Debug|x86.ActiveCfg = Debug|Win32
		{41FC2109-BD7E-4286-9717-BBDC9ACC33AC}.Debug|x86.Build.0 = Debug|Win32
		{41FC2109-BD7E-4286-9717-BBDC9ACC33AC}.Release|x86.ActiveCfg = Release|Win32
		{41FC2109-BD7E-4286-9717-BBDC9ACC33AC}.Release|x86.Build.0 = Release|Win32
	EndGlobalSection
	GlobalSection(SolutionProperties) = preSolution
		HideSolutionNode = FALSE
	EndGlobalSection
	GlobalSection(ExtensibilityGlobals) = postSolution
		SolutionGuid = {0286636C-B6D2-45C7-A537-48782AEF955B}
	EndGlobalSection
EndGlobal
