
Microsoft Visual Studio Solution File, Format Version 12.00
# Visual Studio Version 17
VisualStudioVersion = 17.0.32014.148
MinimumVisualStudioVersion = 10.0.40219.1
Project("{8BC9CEB8-8B4A-11D0-8D11-00A0C91BC942}") = "hook_engine_sound", "hook_engine_sound\hook_engine_sound.vcxproj", "{3943DD26-F89F-4CF9-BFE1-4759A1D9C978}"
EndProject
Global
	GlobalSection(SolutionConfigurationPlatforms) = preSolution
		Debug|x86 = Debug|x86
		Release|x86 = Release|x86
	EndGlobalSection
	GlobalSection(ProjectConfigurationPlatforms) = postSolution
		{3943DD26-F89F-4CF9-BFE1-4759A1D9C978}.Debug|x86.ActiveCfg = Debug|Win32
		{3943DD26-F89F-4CF9-BFE1-4759A1D9C978}.Debug|x86.Build.0 = Debug|Win32
		{3943DD26-F89F-4CF9-BFE1-4759A1D9C978}.Release|x86.ActiveCfg = Release|Win32
		{3943DD26-F89F-4CF9-BFE1-4759A1D9C978}.Release|x86.Build.0 = Release|Win32
	EndGlobalSection
	GlobalSection(SolutionProperties) = preSolution
		HideSolutionNode = FALSE
	EndGlobalSection
	GlobalSection(ExtensibilityGlobals) = postSolution
		SolutionGuid = {9B68AE82-A4D5-4D42-904C-471D31E7A75D}
	EndGlobalSection
EndGlobal
