
Microsoft Visual Studio Solution File, Format Version 12.00
# Visual Studio 2013
VisualStudioVersion = 12.0.31101.0
MinimumVisualStudioVersion = 10.0.40219.1
Project("{8BC9CEB8-8B4A-11D0-8D11-00A0C91BC942}") = "dinput", "dinput\dinput.vcxproj", "{EA7B4DD2-E5A5-4374-8456-F269EFD5FC06}"
EndProject
Global
	GlobalSection(SolutionConfigurationPlatforms) = preSolution
		Debug|Win32 = Debug|Win32
		Release|Win32 = Release|Win32
	EndGlobalSection
	GlobalSection(ProjectConfigurationPlatforms) = postSolution
		{EA7B4DD2-E5A5-4374-8456-F269EFD5FC06}.Debug|Win32.ActiveCfg = Debug|Win32
		{EA7B4DD2-E5A5-4374-8456-F269EFD5FC06}.Debug|Win32.Build.0 = Debug|Win32
		{EA7B4DD2-E5A5-4374-8456-F269EFD5FC06}.Release|Win32.ActiveCfg = Release|Win32
		{EA7B4DD2-E5A5-4374-8456-F269EFD5FC06}.Release|Win32.Build.0 = Release|Win32
	EndGlobalSection
	GlobalSection(SolutionProperties) = preSolution
		HideSolutionNode = FALSE
	EndGlobalSection
EndGlobal
