
Microsoft Visual Studio Solution File, Format Version 12.00
# Visual Studio Version 17
VisualStudioVersion = 17.0.32014.148
MinimumVisualStudioVersion = 10.0.40219.1
Project("{8BC9CEB8-8B4A-11D0-8D11-00A0C91BC942}") = "hook_time", "hook_time\hook_time.vcxproj", "{3FAB4B7D-0289-41C2-AE7D-2D7C8E68833F}"
EndProject
Global
	GlobalSection(SolutionConfigurationPlatforms) = preSolution
		Debug|x86 = Debug|x86
		Release|x86 = Release|x86
	EndGlobalSection
	GlobalSection(ProjectConfigurationPlatforms) = postSolution
		{3FAB4B7D-0289-41C2-AE7D-2D7C8E68833F}.Debug|x86.ActiveCfg = Debug|Win32
		{3FAB4B7D-0289-41C2-AE7D-2D7C8E68833F}.Debug|x86.Build.0 = Debug|Win32
		{3FAB4B7D-0289-41C2-AE7D-2D7C8E68833F}.Release|x86.ActiveCfg = Release|Win32
		{3FAB4B7D-0289-41C2-AE7D-2D7C8E68833F}.Release|x86.Build.0 = Release|Win32
	EndGlobalSection
	GlobalSection(SolutionProperties) = preSolution
		HideSolutionNode = FALSE
	EndGlobalSection
	GlobalSection(ExtensibilityGlobals) = postSolution
		SolutionGuid = {5CA99317-E9C5-465F-9EE9-5FB878C9CC2C}
	EndGlobalSection
EndGlobal
