
Microsoft Visual Studio Solution File, Format Version 12.00
# Visual Studio Version 17
VisualStudioVersion = 17.0.32014.148
MinimumVisualStudioVersion = 10.0.40219.1
Project("{8BC9CEB8-8B4A-11D0-8D11-00A0C91BC942}") = "hook_opt_limit", "hook_opt_limit\hook_opt_limit.vcxproj", "{3223CC42-787F-475C-B506-1FB05715257C}"
EndProject
Global
	GlobalSection(SolutionConfigurationPlatforms) = preSolution
		Debug|x86 = Debug|x86
		Release|x86 = Release|x86
	EndGlobalSection
	GlobalSection(ProjectConfigurationPlatforms) = postSolution
		{3223CC42-787F-475C-B506-1FB05715257C}.Debug|x86.ActiveCfg = Debug|Win32
		{3223CC42-787F-475C-B506-1FB05715257C}.Debug|x86.Build.0 = Debug|Win32
		{3223CC42-787F-475C-B506-1FB05715257C}.Release|x86.ActiveCfg = Release|Win32
		{3223CC42-787F-475C-B506-1FB05715257C}.Release|x86.Build.0 = Release|Win32
	EndGlobalSection
	GlobalSection(SolutionProperties) = preSolution
		HideSolutionNode = FALSE
	EndGlobalSection
	GlobalSection(ExtensibilityGlobals) = postSolution
		SolutionGuid = {5D8085A0-2702-457D-8F0C-D9D5BF9F70F9}
	EndGlobalSection
EndGlobal
