<?xml version="1.0" encoding="utf-8"?>
<Project ToolsVersion="4.0" xmlns="http://schemas.microsoft.com/developer/msbuild/2003">
  <ItemGroup>
    <Filter Include="Fichiers sources">
      <UniqueIdentifier>{4FC737F1-C7A5-4376-A066-2A32D752A2FF}</UniqueIdentifier>
      <Extensions>cpp;c;cc;cxx;c++;cppm;ixx;def;odl;idl;hpj;bat;asm;asmx</Extensions>
    </Filter>
    <Filter Include="Fichiers d%27en-tête">
      <UniqueIdentifier>{93995380-89BD-4b04-88EB-625FBE52EBFB}</UniqueIdentifier>
      <Extensions>h;hh;hpp;hxx;h++;hm;inl;inc;ipp;xsd</Extensions>
    </Filter>
    <Filter Include="Fichiers de ressources">
      <UniqueIdentifier>{67DA6AB6-F800-4c08-8B7A-83BB121AAD01}</UniqueIdentifier>
      <Extensions>rc;ico;cur;bmp;dlg;rc2;rct;bin;rgs;gif;jpg;jpeg;jpe;resx;tiff;tif;png;wav;mfcribbon-ms</Extensions>
    </Filter>
  </ItemGroup>
  <ItemGroup>
    <ClInclude Include="ivfenc.h">
      <Filter>Fichiers d%27en-tête</Filter>
    </ClInclude>
    <ClInclude Include="tools_common.h">
      <Filter>Fichiers d%27en-tête</Filter>
    </ClInclude>
    <ClInclude Include="vp8_rtcd.h">
      <Filter>Fichiers d%27en-tête</Filter>
    </ClInclude>
    <ClInclude Include="vp9_rtcd.h">
      <Filter>Fichiers d%27en-tête</Filter>
    </ClInclude>
    <ClInclude Include="vpx_config.h">
      <Filter>Fichiers d%27en-tête</Filter>
    </ClInclude>
    <ClInclude Include="vpx_dsp_rtcd.h">
      <Filter>Fichiers d%27en-tête</Filter>
    </ClInclude>
    <ClInclude Include="vpx_scale_rtcd.h">
      <Filter>Fichiers d%27en-tête</Filter>
    </ClInclude>
    <ClInclude Include="vpx_version.h">
      <Filter>Fichiers d%27en-tête</Filter>
    </ClInclude>
    <ClInclude Include="y4minput.h">
      <Filter>Fichiers d%27en-tête</Filter>
    </ClInclude>
    <ClInclude Include="vp8\common\alloccommon.h">
      <Filter>Fichiers d%27en-tête</Filter>
    </ClInclude>
    <ClInclude Include="vp8\common\blockd.h">
      <Filter>Fichiers d%27en-tête</Filter>
    </ClInclude>
    <ClInclude Include="vp8\common\coefupdateprobs.h">
      <Filter>Fichiers d%27en-tête</Filter>
    </ClInclude>
    <ClInclude Include="vp8\common\common.h">
      <Filter>Fichiers d%27en-tête</Filter>
    </ClInclude>
    <ClInclude Include="vp8\common\default_coef_probs.h">
      <Filter>Fichiers d%27en-tête</Filter>
    </ClInclude>
    <ClInclude Include="vp8\common\entropy.h">
      <Filter>Fichiers d%27en-tête</Filter>
    </ClInclude>
    <ClInclude Include="vp8\common\entropymode.h">
      <Filter>Fichiers d%27en-tête</Filter>
    </ClInclude>
    <ClInclude Include="vp8\common\entropymv.h">
      <Filter>Fichiers d%27en-tête</Filter>
    </ClInclude>
    <ClInclude Include="vp8\common\extend.h">
      <Filter>Fichiers d%27en-tête</Filter>
    </ClInclude>
    <ClInclude Include="vp8\common\filter.h">
      <Filter>Fichiers d%27en-tête</Filter>
    </ClInclude>
    <ClInclude Include="vp8\common\findnearmv.h">
      <Filter>Fichiers d%27en-tête</Filter>
    </ClInclude>
    <ClInclude Include="vp8\common\header.h">
      <Filter>Fichiers d%27en-tête</Filter>
    </ClInclude>
    <ClInclude Include="vp8\common\invtrans.h">
      <Filter>Fichiers d%27en-tête</Filter>
    </ClInclude>
    <ClInclude Include="vp8\common\loopfilter.h">
      <Filter>Fichiers d%27en-tête</Filter>
    </ClInclude>
    <ClInclude Include="vp8\common\modecont.h">
      <Filter>Fichiers d%27en-tête</Filter>
    </ClInclude>
    <ClInclude Include="vp8\common\mv.h">
      <Filter>Fichiers d%27en-tête</Filter>
    </ClInclude>
    <ClInclude Include="vp8\common\onyx.h">
      <Filter>Fichiers d%27en-tête</Filter>
    </ClInclude>
    <ClInclude Include="vp8\common\onyxc_int.h">
      <Filter>Fichiers d%27en-tête</Filter>
    </ClInclude>
    <ClInclude Include="vp8\common\onyxd.h">
      <Filter>Fichiers d%27en-tête</Filter>
    </ClInclude>
    <ClInclude Include="vp8\common\postproc.h">
      <Filter>Fichiers d%27en-tête</Filter>
    </ClInclude>
    <ClInclude Include="vp8\common\ppflags.h">
      <Filter>Fichiers d%27en-tête</Filter>
    </ClInclude>
    <ClInclude Include="vp8\common\quant_common.h">
      <Filter>Fichiers d%27en-tête</Filter>
    </ClInclude>
    <ClInclude Include="vp8\common\reconinter.h">
      <Filter>Fichiers d%27en-tête</Filter>
    </ClInclude>
    <ClInclude Include="vp8\common\reconintra.h">
      <Filter>Fichiers d%27en-tête</Filter>
    </ClInclude>
    <ClInclude Include="vp8\common\reconintra4x4.h">
      <Filter>Fichiers d%27en-tête</Filter>
    </ClInclude>
    <ClInclude Include="vp8\common\setupintrarecon.h">
      <Filter>Fichiers d%27en-tête</Filter>
    </ClInclude>
    <ClInclude Include="vp8\common\swapyv12buffer.h">
      <Filter>Fichiers d%27en-tête</Filter>
    </ClInclude>
    <ClInclude Include="vp8\common\systemdependent.h">
      <Filter>Fichiers d%27en-tête</Filter>
    </ClInclude>
    <ClInclude Include="vp8\common\threading.h">
      <Filter>Fichiers d%27en-tête</Filter>
    </ClInclude>
    <ClInclude Include="vp8\common\treecoder.h">
      <Filter>Fichiers d%27en-tête</Filter>
    </ClInclude>
    <ClInclude Include="vp8\common\vp8_entropymodedata.h">
      <Filter>Fichiers d%27en-tête</Filter>
    </ClInclude>
    <ClInclude Include="vp8\common\vp8_skin_detection.h">
      <Filter>Fichiers d%27en-tête</Filter>
    </ClInclude>
    <ClInclude Include="vp8\decoder\dboolhuff.h">
      <Filter>Fichiers d%27en-tête</Filter>
    </ClInclude>
    <ClInclude Include="vp8\decoder\decodemv.h">
      <Filter>Fichiers d%27en-tête</Filter>
    </ClInclude>
    <ClInclude Include="vp8\decoder\decoderthreading.h">
      <Filter>Fichiers d%27en-tête</Filter>
    </ClInclude>
    <ClInclude Include="vp8\decoder\detokenize.h">
      <Filter>Fichiers d%27en-tête</Filter>
    </ClInclude>
    <ClInclude Include="vp8\decoder\ec_types.h">
      <Filter>Fichiers d%27en-tête</Filter>
    </ClInclude>
    <ClInclude Include="vp8\decoder\error_concealment.h">
      <Filter>Fichiers d%27en-tête</Filter>
    </ClInclude>
    <ClInclude Include="vp8\decoder\onyxd_int.h">
      <Filter>Fichiers d%27en-tête</Filter>
    </ClInclude>
    <ClInclude Include="vp8\decoder\treereader.h">
      <Filter>Fichiers d%27en-tête</Filter>
    </ClInclude>
    <ClInclude Include="vp8\encoder\bitstream.h">
      <Filter>Fichiers d%27en-tête</Filter>
    </ClInclude>
    <ClInclude Include="vp8\encoder\block.h">
      <Filter>Fichiers d%27en-tête</Filter>
    </ClInclude>
    <ClInclude Include="vp8\encoder\boolhuff.h">
      <Filter>Fichiers d%27en-tête</Filter>
    </ClInclude>
    <ClInclude Include="vp8\encoder\dct_value_cost.h">
      <Filter>Fichiers d%27en-tête</Filter>
    </ClInclude>
    <ClInclude Include="vp8\encoder\dct_value_tokens.h">
      <Filter>Fichiers d%27en-tête</Filter>
    </ClInclude>
    <ClInclude Include="vp8\encoder\defaultcoefcounts.h">
      <Filter>Fichiers d%27en-tête</Filter>
    </ClInclude>
    <ClInclude Include="vp8\encoder\denoising.h">
      <Filter>Fichiers d%27en-tête</Filter>
    </ClInclude>
    <ClInclude Include="vp8\encoder\encodeframe.h">
      <Filter>Fichiers d%27en-tête</Filter>
    </ClInclude>
    <ClInclude Include="vp8\encoder\encodeintra.h">
      <Filter>Fichiers d%27en-tête</Filter>
    </ClInclude>
    <ClInclude Include="vp8\encoder\encodemb.h">
      <Filter>Fichiers d%27en-tête</Filter>
    </ClInclude>
    <ClInclude Include="vp8\encoder\encodemv.h">
      <Filter>Fichiers d%27en-tête</Filter>
    </ClInclude>
    <ClInclude Include="vp8\encoder\ethreading.h">
      <Filter>Fichiers d%27en-tête</Filter>
    </ClInclude>
    <ClInclude Include="vp8\encoder\firstpass.h">
      <Filter>Fichiers d%27en-tête</Filter>
    </ClInclude>
    <ClInclude Include="vp8\encoder\lookahead.h">
      <Filter>Fichiers d%27en-tête</Filter>
    </ClInclude>
    <ClInclude Include="vp8\encoder\mcomp.h">
      <Filter>Fichiers d%27en-tête</Filter>
    </ClInclude>
    <ClInclude Include="vp8\encoder\modecosts.h">
      <Filter>Fichiers d%27en-tête</Filter>
    </ClInclude>
    <ClInclude Include="vp8\encoder\mr_dissim.h">
      <Filter>Fichiers d%27en-tête</Filter>
    </ClInclude>
    <ClInclude Include="vp8\encoder\onyx_int.h">
      <Filter>Fichiers d%27en-tête</Filter>
    </ClInclude>
    <ClInclude Include="vp8\encoder\pickinter.h">
      <Filter>Fichiers d%27en-tête</Filter>
    </ClInclude>
    <ClInclude Include="vp8\encoder\picklpf.h">
      <Filter>Fichiers d%27en-tête</Filter>
    </ClInclude>
    <ClInclude Include="vp8\encoder\quantize.h">
      <Filter>Fichiers d%27en-tête</Filter>
    </ClInclude>
    <ClInclude Include="vp8\encoder\ratectrl.h">
      <Filter>Fichiers d%27en-tête</Filter>
    </ClInclude>
    <ClInclude Include="vp8\encoder\rdopt.h">
      <Filter>Fichiers d%27en-tête</Filter>
    </ClInclude>
    <ClInclude Include="vp8\encoder\segmentation.h">
      <Filter>Fichiers d%27en-tête</Filter>
    </ClInclude>
    <ClInclude Include="vp8\encoder\temporal_filter.h">
      <Filter>Fichiers d%27en-tête</Filter>
    </ClInclude>
    <ClInclude Include="vp8\encoder\tokenize.h">
      <Filter>Fichiers d%27en-tête</Filter>
    </ClInclude>
    <ClInclude Include="vp8\encoder\treewriter.h">
      <Filter>Fichiers d%27en-tête</Filter>
    </ClInclude>
    <ClInclude Include="vp8\vp8_ratectrl_rtc.h">
      <Filter>Fichiers d%27en-tête</Filter>
    </ClInclude>
    <ClInclude Include="vp9\common\vp9_alloccommon.h">
      <Filter>Fichiers d%27en-tête</Filter>
    </ClInclude>
    <ClInclude Include="vp9\common\vp9_blockd.h">
      <Filter>Fichiers d%27en-tête</Filter>
    </ClInclude>
    <ClInclude Include="vp9\common\vp9_common.h">
      <Filter>Fichiers d%27en-tête</Filter>
    </ClInclude>
    <ClInclude Include="vp9\common\vp9_common_data.h">
      <Filter>Fichiers d%27en-tête</Filter>
    </ClInclude>
    <ClInclude Include="vp9\common\vp9_entropy.h">
      <Filter>Fichiers d%27en-tête</Filter>
    </ClInclude>
    <ClInclude Include="vp9\common\vp9_entropymode.h">
      <Filter>Fichiers d%27en-tête</Filter>
    </ClInclude>
    <ClInclude Include="vp9\common\vp9_entropymv.h">
      <Filter>Fichiers d%27en-tête</Filter>
    </ClInclude>
    <ClInclude Include="vp9\common\vp9_enums.h">
      <Filter>Fichiers d%27en-tête</Filter>
    </ClInclude>
    <ClInclude Include="vp9\common\vp9_filter.h">
      <Filter>Fichiers d%27en-tête</Filter>
    </ClInclude>
    <ClInclude Include="vp9\common\vp9_frame_buffers.h">
      <Filter>Fichiers d%27en-tête</Filter>
    </ClInclude>
    <ClInclude Include="vp9\common\vp9_idct.h">
      <Filter>Fichiers d%27en-tête</Filter>
    </ClInclude>
    <ClInclude Include="vp9\common\vp9_loopfilter.h">
      <Filter>Fichiers d%27en-tête</Filter>
    </ClInclude>
    <ClInclude Include="vp9\common\vp9_mfqe.h">
      <Filter>Fichiers d%27en-tête</Filter>
    </ClInclude>
    <ClInclude Include="vp9\common\vp9_mv.h">
      <Filter>Fichiers d%27en-tête</Filter>
    </ClInclude>
    <ClInclude Include="vp9\common\vp9_mvref_common.h">
      <Filter>Fichiers d%27en-tête</Filter>
    </ClInclude>
    <ClInclude Include="vp9\common\vp9_onyxc_int.h">
      <Filter>Fichiers d%27en-tête</Filter>
    </ClInclude>
    <ClInclude Include="vp9\common\vp9_postproc.h">
      <Filter>Fichiers d%27en-tête</Filter>
    </ClInclude>
    <ClInclude Include="vp9\common\vp9_ppflags.h">
      <Filter>Fichiers d%27en-tête</Filter>
    </ClInclude>
    <ClInclude Include="vp9\common\vp9_pred_common.h">
      <Filter>Fichiers d%27en-tête</Filter>
    </ClInclude>
    <ClInclude Include="vp9\common\vp9_quant_common.h">
      <Filter>Fichiers d%27en-tête</Filter>
    </ClInclude>
    <ClInclude Include="vp9\common\vp9_reconinter.h">
      <Filter>Fichiers d%27en-tête</Filter>
    </ClInclude>
    <ClInclude Include="vp9\common\vp9_reconintra.h">
      <Filter>Fichiers d%27en-tête</Filter>
    </ClInclude>
    <ClInclude Include="vp9\common\vp9_scale.h">
      <Filter>Fichiers d%27en-tête</Filter>
    </ClInclude>
    <ClInclude Include="vp9\common\vp9_scan.h">
      <Filter>Fichiers d%27en-tête</Filter>
    </ClInclude>
    <ClInclude Include="vp9\common\vp9_seg_common.h">
      <Filter>Fichiers d%27en-tête</Filter>
    </ClInclude>
    <ClInclude Include="vp9\common\vp9_thread_common.h">
      <Filter>Fichiers d%27en-tête</Filter>
    </ClInclude>
    <ClInclude Include="vp9\common\vp9_tile_common.h">
      <Filter>Fichiers d%27en-tête</Filter>
    </ClInclude>
    <ClInclude Include="vp9\decoder\vp9_decodeframe.h">
      <Filter>Fichiers d%27en-tête</Filter>
    </ClInclude>
    <ClInclude Include="vp9\decoder\vp9_decodemv.h">
      <Filter>Fichiers d%27en-tête</Filter>
    </ClInclude>
    <ClInclude Include="vp9\decoder\vp9_decoder.h">
      <Filter>Fichiers d%27en-tête</Filter>
    </ClInclude>
    <ClInclude Include="vp9\decoder\vp9_detokenize.h">
      <Filter>Fichiers d%27en-tête</Filter>
    </ClInclude>
    <ClInclude Include="vp9\decoder\vp9_dsubexp.h">
      <Filter>Fichiers d%27en-tête</Filter>
    </ClInclude>
    <ClInclude Include="vp9\decoder\vp9_job_queue.h">
      <Filter>Fichiers d%27en-tête</Filter>
    </ClInclude>
    <ClInclude Include="vp9\encoder\vp9_alt_ref_aq.h">
      <Filter>Fichiers d%27en-tête</Filter>
    </ClInclude>
    <ClInclude Include="vp9\encoder\vp9_aq_360.h">
      <Filter>Fichiers d%27en-tête</Filter>
    </ClInclude>
    <ClInclude Include="vp9\encoder\vp9_aq_complexity.h">
      <Filter>Fichiers d%27en-tête</Filter>
    </ClInclude>
    <ClInclude Include="vp9\encoder\vp9_aq_cyclicrefresh.h">
      <Filter>Fichiers d%27en-tête</Filter>
    </ClInclude>
    <ClInclude Include="vp9\encoder\vp9_aq_variance.h">
      <Filter>Fichiers d%27en-tête</Filter>
    </ClInclude>
    <ClInclude Include="vp9\encoder\vp9_bitstream.h">
      <Filter>Fichiers d%27en-tête</Filter>
    </ClInclude>
    <ClInclude Include="vp9\encoder\vp9_block.h">
      <Filter>Fichiers d%27en-tête</Filter>
    </ClInclude>
    <ClInclude Include="vp9\encoder\vp9_blockiness.h">
      <Filter>Fichiers d%27en-tête</Filter>
    </ClInclude>
    <ClInclude Include="vp9\encoder\vp9_context_tree.h">
      <Filter>Fichiers d%27en-tête</Filter>
    </ClInclude>
    <ClInclude Include="vp9\encoder\vp9_cost.h">
      <Filter>Fichiers d%27en-tête</Filter>
    </ClInclude>
    <ClInclude Include="vp9\encoder\vp9_denoiser.h">
      <Filter>Fichiers d%27en-tête</Filter>
    </ClInclude>
    <ClInclude Include="vp9\encoder\vp9_encodeframe.h">
      <Filter>Fichiers d%27en-tête</Filter>
    </ClInclude>
    <ClInclude Include="vp9\encoder\vp9_encodemb.h">
      <Filter>Fichiers d%27en-tête</Filter>
    </ClInclude>
    <ClInclude Include="vp9\encoder\vp9_encodemv.h">
      <Filter>Fichiers d%27en-tête</Filter>
    </ClInclude>
    <ClInclude Include="vp9\encoder\vp9_encoder.h">
      <Filter>Fichiers d%27en-tête</Filter>
    </ClInclude>
    <ClInclude Include="vp9\encoder\vp9_ethread.h">
      <Filter>Fichiers d%27en-tête</Filter>
    </ClInclude>
    <ClInclude Include="vp9\encoder\vp9_extend.h">
      <Filter>Fichiers d%27en-tête</Filter>
    </ClInclude>
    <ClInclude Include="vp9\encoder\vp9_ext_ratectrl.h">
      <Filter>Fichiers d%27en-tête</Filter>
    </ClInclude>
    <ClInclude Include="vp9\encoder\vp9_firstpass.h">
      <Filter>Fichiers d%27en-tête</Filter>
    </ClInclude>
    <ClInclude Include="vp9\encoder\vp9_job_queue.h">
      <Filter>Fichiers d%27en-tête</Filter>
    </ClInclude>
    <ClInclude Include="vp9\encoder\vp9_lookahead.h">
      <Filter>Fichiers d%27en-tête</Filter>
    </ClInclude>
    <ClInclude Include="vp9\encoder\vp9_mbgraph.h">
      <Filter>Fichiers d%27en-tête</Filter>
    </ClInclude>
    <ClInclude Include="vp9\encoder\vp9_mcomp.h">
      <Filter>Fichiers d%27en-tête</Filter>
    </ClInclude>
    <ClInclude Include="vp9\encoder\vp9_multi_thread.h">
      <Filter>Fichiers d%27en-tête</Filter>
    </ClInclude>
    <ClInclude Include="vp9\encoder\vp9_noise_estimate.h">
      <Filter>Fichiers d%27en-tête</Filter>
    </ClInclude>
    <ClInclude Include="vp9\encoder\vp9_non_greedy_mv.h">
      <Filter>Fichiers d%27en-tête</Filter>
    </ClInclude>
    <ClInclude Include="vp9\encoder\vp9_partition_models.h">
      <Filter>Fichiers d%27en-tête</Filter>
    </ClInclude>
    <ClInclude Include="vp9\encoder\vp9_picklpf.h">
      <Filter>Fichiers d%27en-tête</Filter>
    </ClInclude>
    <ClInclude Include="vp9\encoder\vp9_pickmode.h">
      <Filter>Fichiers d%27en-tête</Filter>
    </ClInclude>
    <ClInclude Include="vp9\encoder\vp9_quantize.h">
      <Filter>Fichiers d%27en-tête</Filter>
    </ClInclude>
    <ClInclude Include="vp9\encoder\vp9_ratectrl.h">
      <Filter>Fichiers d%27en-tête</Filter>
    </ClInclude>
    <ClInclude Include="vp9\encoder\vp9_rd.h">
      <Filter>Fichiers d%27en-tête</Filter>
    </ClInclude>
    <ClInclude Include="vp9\encoder\vp9_rdopt.h">
      <Filter>Fichiers d%27en-tête</Filter>
    </ClInclude>
    <ClInclude Include="vp9\encoder\vp9_resize.h">
      <Filter>Fichiers d%27en-tête</Filter>
    </ClInclude>
    <ClInclude Include="vp9\encoder\vp9_segmentation.h">
      <Filter>Fichiers d%27en-tête</Filter>
    </ClInclude>
    <ClInclude Include="vp9\encoder\vp9_skin_detection.h">
      <Filter>Fichiers d%27en-tête</Filter>
    </ClInclude>
    <ClInclude Include="vp9\encoder\vp9_speed_features.h">
      <Filter>Fichiers d%27en-tête</Filter>
    </ClInclude>
    <ClInclude Include="vp9\encoder\vp9_subexp.h">
      <Filter>Fichiers d%27en-tête</Filter>
    </ClInclude>
    <ClInclude Include="vp9\encoder\vp9_svc_layercontext.h">
      <Filter>Fichiers d%27en-tête</Filter>
    </ClInclude>
    <ClInclude Include="vp9\encoder\vp9_temporal_filter.h">
      <Filter>Fichiers d%27en-tête</Filter>
    </ClInclude>
    <ClInclude Include="vp9\encoder\vp9_tokenize.h">
      <Filter>Fichiers d%27en-tête</Filter>
    </ClInclude>
    <ClInclude Include="vp9\encoder\vp9_treewriter.h">
      <Filter>Fichiers d%27en-tête</Filter>
    </ClInclude>
    <ClInclude Include="vp9\encoder\x86\temporal_filter_constants.h">
      <Filter>Fichiers d%27en-tête</Filter>
    </ClInclude>
    <ClInclude Include="vp9\ratectrl_rtc.h">
      <Filter>Fichiers d%27en-tête</Filter>
    </ClInclude>
    <ClInclude Include="vp9\simple_encode.h">
      <Filter>Fichiers d%27en-tête</Filter>
    </ClInclude>
    <ClInclude Include="vp9\vp9_cx_iface.h">
      <Filter>Fichiers d%27en-tête</Filter>
    </ClInclude>
    <ClInclude Include="vp9\vp9_dx_iface.h">
      <Filter>Fichiers d%27en-tête</Filter>
    </ClInclude>
    <ClInclude Include="vp9\vp9_iface_common.h">
      <Filter>Fichiers d%27en-tête</Filter>
    </ClInclude>
    <ClInclude Include="vpx\internal\vpx_codec_internal.h">
      <Filter>Fichiers d%27en-tête</Filter>
    </ClInclude>
    <ClInclude Include="vpx\internal\vpx_ratectrl_rtc.h">
      <Filter>Fichiers d%27en-tête</Filter>
    </ClInclude>
    <ClInclude Include="vpx\vp8.h">
      <Filter>Fichiers d%27en-tête</Filter>
    </ClInclude>
    <ClInclude Include="vpx\vp8cx.h">
      <Filter>Fichiers d%27en-tête</Filter>
    </ClInclude>
    <ClInclude Include="vpx\vp8dx.h">
      <Filter>Fichiers d%27en-tête</Filter>
    </ClInclude>
    <ClInclude Include="vpx\vpx_codec.h">
      <Filter>Fichiers d%27en-tête</Filter>
    </ClInclude>
    <ClInclude Include="vpx\vpx_decoder.h">
      <Filter>Fichiers d%27en-tête</Filter>
    </ClInclude>
    <ClInclude Include="vpx\vpx_encoder.h">
      <Filter>Fichiers d%27en-tête</Filter>
    </ClInclude>
    <ClInclude Include="vpx\vpx_ext_ratectrl.h">
      <Filter>Fichiers d%27en-tête</Filter>
    </ClInclude>
    <ClInclude Include="vpx\vpx_frame_buffer.h">
      <Filter>Fichiers d%27en-tête</Filter>
    </ClInclude>
    <ClInclude Include="vpx\vpx_image.h">
      <Filter>Fichiers d%27en-tête</Filter>
    </ClInclude>
    <ClInclude Include="vpx\vpx_integer.h">
      <Filter>Fichiers d%27en-tête</Filter>
    </ClInclude>
    <ClInclude Include="vpx_dsp\bitreader.h">
      <Filter>Fichiers d%27en-tête</Filter>
    </ClInclude>
    <ClInclude Include="vpx_dsp\bitreader_buffer.h">
      <Filter>Fichiers d%27en-tête</Filter>
    </ClInclude>
    <ClInclude Include="vpx_dsp\bitwriter.h">
      <Filter>Fichiers d%27en-tête</Filter>
    </ClInclude>
    <ClInclude Include="vpx_dsp\bitwriter_buffer.h">
      <Filter>Fichiers d%27en-tête</Filter>
    </ClInclude>
    <ClInclude Include="vpx_dsp\fwd_txfm.h">
      <Filter>Fichiers d%27en-tête</Filter>
    </ClInclude>
    <ClInclude Include="vpx_dsp\inv_txfm.h">
      <Filter>Fichiers d%27en-tête</Filter>
    </ClInclude>
    <ClInclude Include="vpx_dsp\postproc.h">
      <Filter>Fichiers d%27en-tête</Filter>
    </ClInclude>
    <ClInclude Include="vpx_dsp\prob.h">
      <Filter>Fichiers d%27en-tête</Filter>
    </ClInclude>
    <ClInclude Include="vpx_dsp\psnr.h">
      <Filter>Fichiers d%27en-tête</Filter>
    </ClInclude>
    <ClInclude Include="vpx_dsp\quantize.h">
      <Filter>Fichiers d%27en-tête</Filter>
    </ClInclude>
    <ClInclude Include="vpx_dsp\skin_detection.h">
      <Filter>Fichiers d%27en-tête</Filter>
    </ClInclude>
    <ClInclude Include="vpx_dsp\ssim.h">
      <Filter>Fichiers d%27en-tête</Filter>
    </ClInclude>
    <ClInclude Include="vpx_dsp\txfm_common.h">
      <Filter>Fichiers d%27en-tête</Filter>
    </ClInclude>
    <ClInclude Include="vpx_dsp\variance.h">
      <Filter>Fichiers d%27en-tête</Filter>
    </ClInclude>
    <ClInclude Include="vpx_dsp\vpx_convolve.h">
      <Filter>Fichiers d%27en-tête</Filter>
    </ClInclude>
    <ClInclude Include="vpx_dsp\vpx_dsp_common.h">
      <Filter>Fichiers d%27en-tête</Filter>
    </ClInclude>
    <ClInclude Include="vpx_dsp\vpx_filter.h">
      <Filter>Fichiers d%27en-tête</Filter>
    </ClInclude>
    <ClInclude Include="vpx_dsp\x86\convolve.h">
      <Filter>Fichiers d%27en-tête</Filter>
    </ClInclude>
    <ClInclude Include="vpx_mem\include\vpx_mem_intrnl.h">
      <Filter>Fichiers d%27en-tête</Filter>
    </ClInclude>
    <ClInclude Include="vpx_mem\vpx_mem.h">
      <Filter>Fichiers d%27en-tête</Filter>
    </ClInclude>
    <ClInclude Include="vpx_ports\arm.h">
      <Filter>Fichiers d%27en-tête</Filter>
    </ClInclude>
    <ClInclude Include="vpx_ports\asmdefs_mmi.h">
      <Filter>Fichiers d%27en-tête</Filter>
    </ClInclude>
    <ClInclude Include="vpx_ports\bitops.h">
      <Filter>Fichiers d%27en-tête</Filter>
    </ClInclude>
    <ClInclude Include="vpx_ports\compiler_attributes.h">
      <Filter>Fichiers d%27en-tête</Filter>
    </ClInclude>
    <ClInclude Include="vpx_ports\emmintrin_compat.h">
      <Filter>Fichiers d%27en-tête</Filter>
    </ClInclude>
    <ClInclude Include="vpx_ports\loongarch.h">
      <Filter>Fichiers d%27en-tête</Filter>
    </ClInclude>
    <ClInclude Include="vpx_ports\mem.h">
      <Filter>Fichiers d%27en-tête</Filter>
    </ClInclude>
    <ClInclude Include="vpx_ports\mem_ops.h">
      <Filter>Fichiers d%27en-tête</Filter>
    </ClInclude>
    <ClInclude Include="vpx_ports\mem_ops_aligned.h">
      <Filter>Fichiers d%27en-tête</Filter>
    </ClInclude>
    <ClInclude Include="vpx_ports\mips.h">
      <Filter>Fichiers d%27en-tête</Filter>
    </ClInclude>
    <ClInclude Include="vpx_ports\msvc.h">
      <Filter>Fichiers d%27en-tête</Filter>
    </ClInclude>
    <ClInclude Include="vpx_ports\ppc.h">
      <Filter>Fichiers d%27en-tête</Filter>
    </ClInclude>
    <ClInclude Include="vpx_ports\static_assert.h">
      <Filter>Fichiers d%27en-tête</Filter>
    </ClInclude>
    <ClInclude Include="vpx_ports\system_state.h">
      <Filter>Fichiers d%27en-tête</Filter>
    </ClInclude>
    <ClInclude Include="vpx_ports\vpx_once.h">
      <Filter>Fichiers d%27en-tête</Filter>
    </ClInclude>
    <ClInclude Include="vpx_ports\vpx_timer.h">
      <Filter>Fichiers d%27en-tête</Filter>
    </ClInclude>
    <ClInclude Include="vpx_ports\x86.h">
      <Filter>Fichiers d%27en-tête</Filter>
    </ClInclude>
    <ClInclude Include="vpx_scale\vpx_scale.h">
      <Filter>Fichiers d%27en-tête</Filter>
    </ClInclude>
    <ClInclude Include="vpx_scale\yv12config.h">
      <Filter>Fichiers d%27en-tête</Filter>
    </ClInclude>
    <ClInclude Include="vpx_util\endian_inl.h">
      <Filter>Fichiers d%27en-tête</Filter>
    </ClInclude>
    <ClInclude Include="vpx_util\loongson_intrinsics.h">
      <Filter>Fichiers d%27en-tête</Filter>
    </ClInclude>
    <ClInclude Include="vpx_util\vpx_atomics.h">
      <Filter>Fichiers d%27en-tête</Filter>
    </ClInclude>
    <ClInclude Include="vpx_util\vpx_debug_util.h">
      <Filter>Fichiers d%27en-tête</Filter>
    </ClInclude>
    <ClInclude Include="vpx_util\vpx_thread.h">
      <Filter>Fichiers d%27en-tête</Filter>
    </ClInclude>
    <ClInclude Include="vpx_util\vpx_timestamp.h">
      <Filter>Fichiers d%27en-tête</Filter>
    </ClInclude>
    <ClInclude Include="vpx_util\vpx_write_yuv_frame.h">
      <Filter>Fichiers d%27en-tête</Filter>
    </ClInclude>
  </ItemGroup>
  <ItemGroup>
    <ClCompile Include="tools_common.c">
      <Filter>Fichiers sources</Filter>
    </ClCompile>
    <ClCompile Include="vpx_config.c">
      <Filter>Fichiers sources</Filter>
    </ClCompile>
    <ClCompile Include="y4minput.c">
      <Filter>Fichiers sources</Filter>
    </ClCompile>
    <ClCompile Include="vp8\common\alloccommon.c">
      <Filter>Fichiers sources</Filter>
    </ClCompile>
    <ClCompile Include="vp8\common\blockd.c">
      <Filter>Fichiers sources</Filter>
    </ClCompile>
    <ClCompile Include="vp8\common\context.c">
      <Filter>Fichiers sources</Filter>
    </ClCompile>
    <ClCompile Include="vp8\common\debugmodes.c">
      <Filter>Fichiers sources</Filter>
    </ClCompile>
    <ClCompile Include="vp8\common\dequantize.c">
      <Filter>Fichiers sources</Filter>
    </ClCompile>
    <ClCompile Include="vp8\common\entropy.c">
      <Filter>Fichiers sources</Filter>
    </ClCompile>
    <ClCompile Include="vp8\common\entropymode.c">
      <Filter>Fichiers sources</Filter>
    </ClCompile>
    <ClCompile Include="vp8\common\entropymv.c">
      <Filter>Fichiers sources</Filter>
    </ClCompile>
    <ClCompile Include="vp8\common\extend.c">
      <Filter>Fichiers sources</Filter>
    </ClCompile>
    <ClCompile Include="vp8\common\filter.c">
      <Filter>Fichiers sources</Filter>
    </ClCompile>
    <ClCompile Include="vp8\common\findnearmv.c">
      <Filter>Fichiers sources</Filter>
    </ClCompile>
    <ClCompile Include="vp8\common\generic\systemdependent.c">
      <Filter>Fichiers sources</Filter>
    </ClCompile>
    <ClCompile Include="vp8\common\idctllm.c">
      <Filter>Fichiers sources</Filter>
    </ClCompile>
    <ClCompile Include="vp8\common\idct_blk.c">
      <Filter>Fichiers sources</Filter>
    </ClCompile>
    <ClCompile Include="vp8\common\loopfilter_filters.c">
      <Filter>Fichiers sources</Filter>
    </ClCompile>
    <ClCompile Include="vp8\common\mbpitch.c">
      <Filter>Fichiers sources</Filter>
    </ClCompile>
    <ClCompile Include="vp8\common\mfqe.c">
      <Filter>Fichiers sources</Filter>
    </ClCompile>
    <ClCompile Include="vp8\common\modecont.c">
      <Filter>Fichiers sources</Filter>
    </ClCompile>
    <ClCompile Include="vp8\common\postproc.c">
      <Filter>Fichiers sources</Filter>
    </ClCompile>
    <ClCompile Include="vp8\common\quant_common.c">
      <Filter>Fichiers sources</Filter>
    </ClCompile>
    <ClCompile Include="vp8\common\reconinter.c">
      <Filter>Fichiers sources</Filter>
    </ClCompile>
    <ClCompile Include="vp8\common\reconintra.c">
      <Filter>Fichiers sources</Filter>
    </ClCompile>
    <ClCompile Include="vp8\common\reconintra4x4.c">
      <Filter>Fichiers sources</Filter>
    </ClCompile>
    <ClCompile Include="vp8\common\rtcd.c">
      <Filter>Fichiers sources</Filter>
    </ClCompile>
    <ClCompile Include="vp8\common\setupintrarecon.c">
      <Filter>Fichiers sources</Filter>
    </ClCompile>
    <ClCompile Include="vp8\common\swapyv12buffer.c">
      <Filter>Fichiers sources</Filter>
    </ClCompile>
    <ClCompile Include="vp8\common\treecoder.c">
      <Filter>Fichiers sources</Filter>
    </ClCompile>
    <ClCompile Include="vp8\common\vp8_loopfilter.c">
      <Filter>Fichiers sources</Filter>
    </ClCompile>
    <ClCompile Include="vp8\common\vp8_skin_detection.c">
      <Filter>Fichiers sources</Filter>
    </ClCompile>
    <ClCompile Include="vp8\common\x86\loopfilter_x86.c">
      <Filter>Fichiers sources</Filter>
    </ClCompile>
    <ClCompile Include="vp8\common\x86\vp8_asm_stubs.c">
      <Filter>Fichiers sources</Filter>
    </ClCompile>
    <ClCompile Include="vp8\decoder\dboolhuff.c">
      <Filter>Fichiers sources</Filter>
    </ClCompile>
    <ClCompile Include="vp8\decoder\decodeframe.c">
      <Filter>Fichiers sources</Filter>
    </ClCompile>
    <ClCompile Include="vp8\decoder\decodemv.c">
      <Filter>Fichiers sources</Filter>
    </ClCompile>
    <ClCompile Include="vp8\decoder\detokenize.c">
      <Filter>Fichiers sources</Filter>
    </ClCompile>
    <ClCompile Include="vp8\decoder\error_concealment.c">
      <Filter>Fichiers sources</Filter>
    </ClCompile>
    <ClCompile Include="vp8\decoder\onyxd_if.c">
      <Filter>Fichiers sources</Filter>
    </ClCompile>
    <ClCompile Include="vp8\encoder\bitstream.c">
      <Filter>Fichiers sources</Filter>
    </ClCompile>
    <ClCompile Include="vp8\encoder\boolhuff.c">
      <Filter>Fichiers sources</Filter>
    </ClCompile>
    <ClCompile Include="vp8\encoder\copy_c.c">
      <Filter>Fichiers sources</Filter>
    </ClCompile>
    <ClCompile Include="vp8\encoder\dct.c">
      <Filter>Fichiers sources</Filter>
    </ClCompile>
    <ClCompile Include="vp8\encoder\encodeframe.c">
      <Filter>Fichiers sources</Filter>
    </ClCompile>
    <ClCompile Include="vp8\encoder\encodeintra.c">
      <Filter>Fichiers sources</Filter>
    </ClCompile>
    <ClCompile Include="vp8\encoder\encodemb.c">
      <Filter>Fichiers sources</Filter>
    </ClCompile>
    <ClCompile Include="vp8\encoder\encodemv.c">
      <Filter>Fichiers sources</Filter>
    </ClCompile>
    <ClCompile Include="vp8\encoder\ethreading.c">
      <Filter>Fichiers sources</Filter>
    </ClCompile>
    <ClCompile Include="vp8\encoder\firstpass.c">
      <Filter>Fichiers sources</Filter>
    </ClCompile>
    <ClCompile Include="vp8\encoder\lookahead.c">
      <Filter>Fichiers sources</Filter>
    </ClCompile>
    <ClCompile Include="vp8\encoder\mcomp.c">
      <Filter>Fichiers sources</Filter>
    </ClCompile>
    <ClCompile Include="vp8\encoder\modecosts.c">
      <Filter>Fichiers sources</Filter>
    </ClCompile>
    <ClCompile Include="vp8\encoder\mr_dissim.c">
      <Filter>Fichiers sources</Filter>
    </ClCompile>
    <ClCompile Include="vp8\encoder\onyx_if.c">
      <Filter>Fichiers sources</Filter>
    </ClCompile>
    <ClCompile Include="vp8\encoder\pickinter.c">
      <Filter>Fichiers sources</Filter>
    </ClCompile>
    <ClCompile Include="vp8\encoder\picklpf.c">
      <Filter>Fichiers sources</Filter>
    </ClCompile>
    <ClCompile Include="vp8\encoder\ratectrl.c">
      <Filter>Fichiers sources</Filter>
    </ClCompile>
    <ClCompile Include="vp8\encoder\rdopt.c">
      <Filter>Fichiers sources</Filter>
    </ClCompile>
    <ClCompile Include="vp8\encoder\segmentation.c">
      <Filter>Fichiers sources</Filter>
    </ClCompile>
    <ClCompile Include="vp8\encoder\temporal_filter.c">
      <Filter>Fichiers sources</Filter>
    </ClCompile>
    <ClCompile Include="vp8\encoder\tokenize.c">
      <Filter>Fichiers sources</Filter>
    </ClCompile>
    <ClCompile Include="vp8\encoder\treewriter.c">
      <Filter>Fichiers sources</Filter>
    </ClCompile>
    <ClCompile Include="vp8\encoder\vp8_quantize.c">
      <Filter>Fichiers sources</Filter>
    </ClCompile>
    <ClCompile Include="vp8\vp8_cx_iface.c">
      <Filter>Fichiers sources</Filter>
    </ClCompile>
    <ClCompile Include="vp8\vp8_dx_iface.c">
      <Filter>Fichiers sources</Filter>
    </ClCompile>
    <ClCompile Include="vp8\vp8_ratectrl_rtc.cc">
      <Filter>Fichiers sources</Filter>
    </ClCompile>
    <ClCompile Include="vp9\common\vp9_alloccommon.c">
      <Filter>Fichiers sources</Filter>
    </ClCompile>
    <ClCompile Include="vp9\common\vp9_blockd.c">
      <Filter>Fichiers sources</Filter>
    </ClCompile>
    <ClCompile Include="vp9\common\vp9_common_data.c">
      <Filter>Fichiers sources</Filter>
    </ClCompile>
    <ClCompile Include="vp9\common\vp9_debugmodes.c">
      <Filter>Fichiers sources</Filter>
    </ClCompile>
    <ClCompile Include="vp9\common\vp9_entropy.c">
      <Filter>Fichiers sources</Filter>
    </ClCompile>
    <ClCompile Include="vp9\common\vp9_entropymode.c">
      <Filter>Fichiers sources</Filter>
    </ClCompile>
    <ClCompile Include="vp9\common\vp9_entropymv.c">
      <Filter>Fichiers sources</Filter>
    </ClCompile>
    <ClCompile Include="vp9\common\vp9_filter.c">
      <Filter>Fichiers sources</Filter>
    </ClCompile>
    <ClCompile Include="vp9\common\vp9_frame_buffers.c">
      <Filter>Fichiers sources</Filter>
    </ClCompile>
    <ClCompile Include="vp9\common\vp9_idct.c">
      <Filter>Fichiers sources</Filter>
    </ClCompile>
    <ClCompile Include="vp9\common\vp9_loopfilter.c">
      <Filter>Fichiers sources</Filter>
    </ClCompile>
    <ClCompile Include="vp9\common\vp9_mfqe.c">
      <Filter>Fichiers sources</Filter>
    </ClCompile>
    <ClCompile Include="vp9\common\vp9_mvref_common.c">
      <Filter>Fichiers sources</Filter>
    </ClCompile>
    <ClCompile Include="vp9\common\vp9_postproc.c">
      <Filter>Fichiers sources</Filter>
    </ClCompile>
    <ClCompile Include="vp9\common\vp9_pred_common.c">
      <Filter>Fichiers sources</Filter>
    </ClCompile>
    <ClCompile Include="vp9\common\vp9_quant_common.c">
      <Filter>Fichiers sources</Filter>
    </ClCompile>
    <ClCompile Include="vp9\common\vp9_reconinter.c">
      <Filter>Fichiers sources</Filter>
    </ClCompile>
    <ClCompile Include="vp9\common\vp9_reconintra.c">
      <Filter>Fichiers sources</Filter>
    </ClCompile>
    <ClCompile Include="vp9\common\vp9_rtcd.c">
      <Filter>Fichiers sources</Filter>
    </ClCompile>
    <ClCompile Include="vp9\common\vp9_scale.c">
      <Filter>Fichiers sources</Filter>
    </ClCompile>
    <ClCompile Include="vp9\common\vp9_scan.c">
      <Filter>Fichiers sources</Filter>
    </ClCompile>
    <ClCompile Include="vp9\common\vp9_seg_common.c">
      <Filter>Fichiers sources</Filter>
    </ClCompile>
    <ClCompile Include="vp9\common\vp9_thread_common.c">
      <Filter>Fichiers sources</Filter>
    </ClCompile>
    <ClCompile Include="vp9\common\vp9_tile_common.c">
      <Filter>Fichiers sources</Filter>
    </ClCompile>
    <ClCompile Include="vp9\decoder\vp9_decodeframe.c">
      <Filter>Fichiers sources</Filter>
    </ClCompile>
    <ClCompile Include="vp9\decoder\vp9_decodemv.c">
      <Filter>Fichiers sources</Filter>
    </ClCompile>
    <ClCompile Include="vp9\decoder\vp9_decoder.c">
      <Filter>Fichiers sources</Filter>
    </ClCompile>
    <ClCompile Include="vp9\decoder\vp9_detokenize.c">
      <Filter>Fichiers sources</Filter>
    </ClCompile>
    <ClCompile Include="vp9\decoder\vp9_dsubexp.c">
      <Filter>Fichiers sources</Filter>
    </ClCompile>
    <ClCompile Include="vp9\decoder\vp9_job_queue.c">
      <Filter>Fichiers sources</Filter>
    </ClCompile>
    <ClCompile Include="vp9\encoder\vp9_alt_ref_aq.c">
      <Filter>Fichiers sources</Filter>
    </ClCompile>
    <ClCompile Include="vp9\encoder\vp9_aq_360.c">
      <Filter>Fichiers sources</Filter>
    </ClCompile>
    <ClCompile Include="vp9\encoder\vp9_aq_complexity.c">
      <Filter>Fichiers sources</Filter>
    </ClCompile>
    <ClCompile Include="vp9\encoder\vp9_aq_cyclicrefresh.c">
      <Filter>Fichiers sources</Filter>
    </ClCompile>
    <ClCompile Include="vp9\encoder\vp9_aq_variance.c">
      <Filter>Fichiers sources</Filter>
    </ClCompile>
    <ClCompile Include="vp9\encoder\vp9_bitstream.c">
      <Filter>Fichiers sources</Filter>
    </ClCompile>
    <ClCompile Include="vp9\encoder\vp9_blockiness.c">
      <Filter>Fichiers sources</Filter>
    </ClCompile>
    <ClCompile Include="vp9\encoder\vp9_context_tree.c">
      <Filter>Fichiers sources</Filter>
    </ClCompile>
    <ClCompile Include="vp9\encoder\vp9_cost.c">
      <Filter>Fichiers sources</Filter>
    </ClCompile>
    <ClCompile Include="vp9\encoder\vp9_dct.c">
      <Filter>Fichiers sources</Filter>
    </ClCompile>
    <ClCompile Include="vp9\encoder\vp9_encodeframe.c">
      <Filter>Fichiers sources</Filter>
    </ClCompile>
    <ClCompile Include="vp9\encoder\vp9_encodemb.c">
      <Filter>Fichiers sources</Filter>
    </ClCompile>
    <ClCompile Include="vp9\encoder\vp9_encodemv.c">
      <Filter>Fichiers sources</Filter>
    </ClCompile>
    <ClCompile Include="vp9\encoder\vp9_encoder.c">
      <Filter>Fichiers sources</Filter>
    </ClCompile>
    <ClCompile Include="vp9\encoder\vp9_ethread.c">
      <Filter>Fichiers sources</Filter>
    </ClCompile>
    <ClCompile Include="vp9\encoder\vp9_extend.c">
      <Filter>Fichiers sources</Filter>
    </ClCompile>
    <ClCompile Include="vp9\encoder\vp9_ext_ratectrl.c">
      <Filter>Fichiers sources</Filter>
    </ClCompile>
    <ClCompile Include="vp9\encoder\vp9_firstpass.c">
      <Filter>Fichiers sources</Filter>
    </ClCompile>
    <ClCompile Include="vp9\encoder\vp9_frame_scale.c">
      <Filter>Fichiers sources</Filter>
    </ClCompile>
    <ClCompile Include="vp9\encoder\vp9_lookahead.c">
      <Filter>Fichiers sources</Filter>
    </ClCompile>
    <ClCompile Include="vp9\encoder\vp9_mbgraph.c">
      <Filter>Fichiers sources</Filter>
    </ClCompile>
    <ClCompile Include="vp9\encoder\vp9_mcomp.c">
      <Filter>Fichiers sources</Filter>
    </ClCompile>
    <ClCompile Include="vp9\encoder\vp9_multi_thread.c">
      <Filter>Fichiers sources</Filter>
    </ClCompile>
    <ClCompile Include="vp9\encoder\vp9_noise_estimate.c">
      <Filter>Fichiers sources</Filter>
    </ClCompile>
    <ClCompile Include="vp9\encoder\vp9_non_greedy_mv.c">
      <Filter>Fichiers sources</Filter>
    </ClCompile>
    <ClCompile Include="vp9\encoder\vp9_picklpf.c">
      <Filter>Fichiers sources</Filter>
    </ClCompile>
    <ClCompile Include="vp9\encoder\vp9_pickmode.c">
      <Filter>Fichiers sources</Filter>
    </ClCompile>
    <ClCompile Include="vp9\encoder\vp9_quantize.c">
      <Filter>Fichiers sources</Filter>
    </ClCompile>
    <ClCompile Include="vp9\encoder\vp9_ratectrl.c">
      <Filter>Fichiers sources</Filter>
    </ClCompile>
    <ClCompile Include="vp9\encoder\vp9_rd.c">
      <Filter>Fichiers sources</Filter>
    </ClCompile>
    <ClCompile Include="vp9\encoder\vp9_rdopt.c">
      <Filter>Fichiers sources</Filter>
    </ClCompile>
    <ClCompile Include="vp9\encoder\vp9_resize.c">
      <Filter>Fichiers sources</Filter>
    </ClCompile>
    <ClCompile Include="vp9\encoder\vp9_segmentation.c">
      <Filter>Fichiers sources</Filter>
    </ClCompile>
    <ClCompile Include="vp9\encoder\vp9_skin_detection.c">
      <Filter>Fichiers sources</Filter>
    </ClCompile>
    <ClCompile Include="vp9\encoder\vp9_speed_features.c">
      <Filter>Fichiers sources</Filter>
    </ClCompile>
    <ClCompile Include="vp9\encoder\vp9_subexp.c">
      <Filter>Fichiers sources</Filter>
    </ClCompile>
    <ClCompile Include="vp9\encoder\vp9_svc_layercontext.c">
      <Filter>Fichiers sources</Filter>
    </ClCompile>
    <ClCompile Include="vp9\encoder\vp9_temporal_filter.c">
      <Filter>Fichiers sources</Filter>
    </ClCompile>
    <ClCompile Include="vp9\encoder\vp9_tokenize.c">
      <Filter>Fichiers sources</Filter>
    </ClCompile>
    <ClCompile Include="vp9\encoder\vp9_treewriter.c">
      <Filter>Fichiers sources</Filter>
    </ClCompile>
    <ClCompile Include="vp9\ratectrl_rtc.cc">
      <Filter>Fichiers sources</Filter>
    </ClCompile>
    <ClCompile Include="vp9\simple_encode.cc">
      <Filter>Fichiers sources</Filter>
    </ClCompile>
    <ClCompile Include="vp9\vp9_cx_iface.c">
      <Filter>Fichiers sources</Filter>
    </ClCompile>
    <ClCompile Include="vp9\vp9_dx_iface.c">
      <Filter>Fichiers sources</Filter>
    </ClCompile>
    <ClCompile Include="vp9\vp9_iface_common.c">
      <Filter>Fichiers sources</Filter>
    </ClCompile>
    <ClCompile Include="vpx\src\vpx_codec.c">
      <Filter>Fichiers sources</Filter>
    </ClCompile>
    <ClCompile Include="vpx\src\vpx_decoder.c">
      <Filter>Fichiers sources</Filter>
    </ClCompile>
    <ClCompile Include="vpx\src\vpx_encoder.c">
      <Filter>Fichiers sources</Filter>
    </ClCompile>
    <ClCompile Include="vpx\src\vpx_image.c">
      <Filter>Fichiers sources</Filter>
    </ClCompile>
    <ClCompile Include="vpx_dsp\add_noise.c">
      <Filter>Fichiers sources</Filter>
    </ClCompile>
    <ClCompile Include="vpx_dsp\avg.c">
      <Filter>Fichiers sources</Filter>
    </ClCompile>
    <ClCompile Include="vpx_dsp\bitreader.c">
      <Filter>Fichiers sources</Filter>
    </ClCompile>
    <ClCompile Include="vpx_dsp\bitreader_buffer.c">
      <Filter>Fichiers sources</Filter>
    </ClCompile>
    <ClCompile Include="vpx_dsp\bitwriter.c">
      <Filter>Fichiers sources</Filter>
    </ClCompile>
    <ClCompile Include="vpx_dsp\bitwriter_buffer.c">
      <Filter>Fichiers sources</Filter>
    </ClCompile>
    <ClCompile Include="vpx_dsp\deblock.c">
      <Filter>Fichiers sources</Filter>
    </ClCompile>
    <ClCompile Include="vpx_dsp\fastssim.c">
      <Filter>Fichiers sources</Filter>
    </ClCompile>
    <ClCompile Include="vpx_dsp\fwd_txfm.c">
      <Filter>Fichiers sources</Filter>
    </ClCompile>
    <ClCompile Include="vpx_dsp\intrapred.c">
      <Filter>Fichiers sources</Filter>
    </ClCompile>
    <ClCompile Include="vpx_dsp\inv_txfm.c">
      <Filter>Fichiers sources</Filter>
    </ClCompile>
    <ClCompile Include="vpx_dsp\loopfilter.c">
      <Filter>Fichiers sources</Filter>
    </ClCompile>
    <ClCompile Include="vpx_dsp\prob.c">
      <Filter>Fichiers sources</Filter>
    </ClCompile>
    <ClCompile Include="vpx_dsp\psnr.c">
      <Filter>Fichiers sources</Filter>
    </ClCompile>
    <ClCompile Include="vpx_dsp\psnrhvs.c">
      <Filter>Fichiers sources</Filter>
    </ClCompile>
    <ClCompile Include="vpx_dsp\quantize.c">
      <Filter>Fichiers sources</Filter>
    </ClCompile>
    <ClCompile Include="vpx_dsp\sad.c">
      <Filter>Fichiers sources</Filter>
    </ClCompile>
    <ClCompile Include="vpx_dsp\skin_detection.c">
      <Filter>Fichiers sources</Filter>
    </ClCompile>
    <ClCompile Include="vpx_dsp\ssim.c">
      <Filter>Fichiers sources</Filter>
    </ClCompile>
    <ClCompile Include="vpx_dsp\subtract.c">
      <Filter>Fichiers sources</Filter>
    </ClCompile>
    <ClCompile Include="vpx_dsp\sum_squares.c">
      <Filter>Fichiers sources</Filter>
    </ClCompile>
    <ClCompile Include="vpx_dsp\variance.c">
      <Filter>Fichiers sources</Filter>
    </ClCompile>
    <ClCompile Include="vpx_dsp\vpx_convolve.c">
      <Filter>Fichiers sources</Filter>
    </ClCompile>
    <ClCompile Include="vpx_dsp\vpx_dsp_rtcd.c">
      <Filter>Fichiers sources</Filter>
    </ClCompile>
    <ClCompile Include="vpx_mem\vpx_mem.c">
      <Filter>Fichiers sources</Filter>
    </ClCompile>
    <ClCompile Include="vpx_ports\arm_cpudetect.c">
      <Filter>Fichiers sources</Filter>
    </ClCompile>
    <ClCompile Include="vpx_ports\loongarch_cpudetect.c">
      <Filter>Fichiers sources</Filter>
    </ClCompile>
    <ClCompile Include="vpx_ports\mips_cpudetect.c">
      <Filter>Fichiers sources</Filter>
    </ClCompile>
    <ClCompile Include="vpx_ports\ppc_cpudetect.c">
      <Filter>Fichiers sources</Filter>
    </ClCompile>
    <ClCompile Include="vpx_scale\generic\gen_scalers.c">
      <Filter>Fichiers sources</Filter>
    </ClCompile>
    <ClCompile Include="vpx_scale\generic\vpx_scale.c">
      <Filter>Fichiers sources</Filter>
    </ClCompile>
    <ClCompile Include="vpx_scale\generic\yv12config.c">
      <Filter>Fichiers sources</Filter>
    </ClCompile>
    <ClCompile Include="vpx_scale\generic\yv12extend.c">
      <Filter>Fichiers sources</Filter>
    </ClCompile>
    <ClCompile Include="vpx_scale\mips\dspr2\yv12extend_dspr2.c">
      <Filter>Fichiers sources</Filter>
    </ClCompile>
    <ClCompile Include="vpx_scale\vpx_scale_rtcd.c">
      <Filter>Fichiers sources</Filter>
    </ClCompile>
    <ClCompile Include="vpx_util\vpx_debug_util.c">
      <Filter>Fichiers sources</Filter>
    </ClCompile>
    <ClCompile Include="vpx_util\vpx_thread.c">
      <Filter>Fichiers sources</Filter>
    </ClCompile>
    <ClCompile Include="vpx_util\vpx_write_yuv_frame.c">
      <Filter>Fichiers sources</Filter>
    </ClCompile>
    <ClCompile Include="ivfenc.c">
      <Filter>Fichiers sources</Filter>
    </ClCompile>
  </ItemGroup>
  <ItemGroup>
    <None Include="vpx_config.asm">
      <Filter>Fichiers sources</Filter>
    </None>
    <None Include="vp8\common\x86\recon_mmx.asm">
      <Filter>Fichiers sources</Filter>
    </None>
    <None Include="vpx_ports\float_control_word.asm">
      <Filter>Fichiers sources</Filter>
    </None>
    <None Include="vpx_ports\x86_abi_support.asm">
      <Filter>Fichiers sources</Filter>
    </None>
  </ItemGroup>
</Project>