
Microsoft Visual Studio Solution File, Format Version 12.00
# Visual Studio Version 17
VisualStudioVersion = 17.0.32014.148
MinimumVisualStudioVersion = 10.0.40219.1
Project("{8BC9CEB8-8B4A-11D0-8D11-00A0C91BC942}") = "hook_backdrops", "hook_backdrops\hook_backdrops.vcxproj", "{B0A97A09-685D-4F4B-9706-352BFC971FAA}"
EndProject
Global
	GlobalSection(SolutionConfigurationPlatforms) = preSolution
		Debug|x86 = Debug|x86
		Release|x86 = Release|x86
	EndGlobalSection
	GlobalSection(ProjectConfigurationPlatforms) = postSolution
		{B0A97A09-685D-4F4B-9706-352BFC971FAA}.Debug|x86.ActiveCfg = Debug|Win32
		{B0A97A09-685D-4F4B-9706-352BFC971FAA}.Debug|x86.Build.0 = Debug|Win32
		{B0A97A09-685D-4F4B-9706-352BFC971FAA}.Release|x86.ActiveCfg = Release|Win32
		{B0A97A09-685D-4F4B-9706-352BFC971FAA}.Release|x86.Build.0 = Release|Win32
	EndGlobalSection
	GlobalSection(SolutionProperties) = preSolution
		HideSolutionNode = FALSE
	EndGlobalSection
	GlobalSection(ExtensibilityGlobals) = postSolution
		SolutionGuid = {FBE63252-8BA1-48E6-B648-0ED64B615E07}
	EndGlobalSection
EndGlobal
