
Microsoft Visual Studio Solution File, Format Version 12.00
# Visual Studio Version 17
VisualStudioVersion = 17.0.32014.148
MinimumVisualStudioVersion = 10.0.40219.1
Project("{8BC9CEB8-8B4A-11D0-8D11-00A0C91BC942}") = "hook_music", "hook_music\hook_music.vcxproj", "{9EBFD2EC-E5CF-435E-8D7C-CB9EECE921DA}"
EndProject
Global
	GlobalSection(SolutionConfigurationPlatforms) = preSolution
		Debug|x86 = Debug|x86
		Release|x86 = Release|x86
	EndGlobalSection
	GlobalSection(ProjectConfigurationPlatforms) = postSolution
		{9EBFD2EC-E5CF-435E-8D7C-CB9EECE921DA}.Debug|x86.ActiveCfg = Debug|Win32
		{9EBFD2EC-E5CF-435E-8D7C-CB9EECE921DA}.Debug|x86.Build.0 = Debug|Win32
		{9EBFD2EC-E5CF-435E-8D7C-CB9EECE921DA}.Release|x86.ActiveCfg = Release|Win32
		{9EBFD2EC-E5CF-435E-8D7C-CB9EECE921DA}.Release|x86.Build.0 = Release|Win32
	EndGlobalSection
	GlobalSection(SolutionProperties) = preSolution
		HideSolutionNode = FALSE
	EndGlobalSection
	GlobalSection(ExtensibilityGlobals) = postSolution
		SolutionGuid = {7EE36041-231C-49B0-A064-0D3F4E4BD285}
	EndGlobalSection
EndGlobal
